
Microsoft Visual Studio Solution File, Format Version 12.00
# Visual Studio Version 16
VisualStudioVersion = 16.0.29306.81
MinimumVisualStudioVersion = 10.0.40219.1
Project("{FAE04EC0-301F-11D3-BF4B-00C04F79EFBC}") = "OptionalMethod", "OptionalMethod.csproj", "{F786C001-D69C-44E6-B14C-4B67E8E057C8}"
EndProject
Global
	GlobalSection(SolutionConfigurationPlatforms) = preSolution
		Debug|Any CPU = Debug|Any CPU
		Release|Any CPU = Release|Any CPU
	EndGlobalSection
	GlobalSection(ProjectConfigurationPlatforms) = postSolution
		{F786C001-D69C-44E6-B14C-4B67E8E057C8}.Debug|Any CPU.ActiveCfg = Debug|Any CPU
		{F786C001-D69C-44E6-B14C-4B67E8E057C8}.Debug|Any CPU.Build.0 = Debug|Any CPU
		{F786C001-D69C-44E6-B14C-4B67E8E057C8}.Release|Any CPU.ActiveCfg = Release|Any CPU
		{F786C001-D69C-44E6-B14C-4B67E8E057C8}.Release|Any CPU.Build.0 = Release|Any CPU
	EndGlobalSection
	GlobalSection(SolutionProperties) = preSolution
		HideSolutionNode = FALSE
	EndGlobalSection
	GlobalSection(ExtensibilityGlobals) = postSolution
		SolutionGuid = {C8472C6D-025F-494B-A0AC-0620B56887F4}
	EndGlobalSection
EndGlobal
