
Microsoft Visual Studio Solution File, Format Version 12.00
# Visual Studio Version 16
VisualStudioVersion = 16.0.29424.173
MinimumVisualStudioVersion = 10.0.40219.1
Project("{FAE04EC0-301F-11D3-BF4B-00C04F79EFBC}") = "Practiice c Sharp", "Practiice c Sharp.csproj", "{DB8A90B7-ED65-4C9D-9CFD-10F4E273A4E0}"
EndProject
Global
	GlobalSection(SolutionConfigurationPlatforms) = preSolution
		Debug|Any CPU = Debug|Any CPU
		Release|Any CPU = Release|Any CPU
	EndGlobalSection
	GlobalSection(ProjectConfigurationPlatforms) = postSolution
		{DB8A90B7-ED65-4C9D-9CFD-10F4E273A4E0}.Debug|Any CPU.ActiveCfg = Debug|Any CPU
		{DB8A90B7-ED65-4C9D-9CFD-10F4E273A4E0}.Debug|Any CPU.Build.0 = Debug|Any CPU
		{DB8A90B7-ED65-4C9D-9CFD-10F4E273A4E0}.Release|Any CPU.ActiveCfg = Release|Any CPU
		{DB8A90B7-ED65-4C9D-9CFD-10F4E273A4E0}.Release|Any CPU.Build.0 = Release|Any CPU
	EndGlobalSection
	GlobalSection(SolutionProperties) = preSolution
		HideSolutionNode = FALSE
	EndGlobalSection
	GlobalSection(ExtensibilityGlobals) = postSolution
		SolutionGuid = {5C491301-126B-4460-8159-E67AD55AD25E}
	EndGlobalSection
EndGlobal
