
Microsoft Visual Studio Solution File, Format Version 12.00
# Visual Studio Version 16
VisualStudioVersion = 16.0.29306.81
MinimumVisualStudioVersion = 10.0.40219.1
Project("{FAE04EC0-301F-11D3-BF4B-00C04F79EFBC}") = "stringBuilder", "stringBuilder.csproj", "{95C36F9B-6820-4B64-B52F-D91E8422D1BF}"
EndProject
Global
	GlobalSection(SolutionConfigurationPlatforms) = preSolution
		Debug|Any CPU = Debug|Any CPU
		Release|Any CPU = Release|Any CPU
	EndGlobalSection
	GlobalSection(ProjectConfigurationPlatforms) = postSolution
		{95C36F9B-6820-4B64-B52F-D91E8422D1BF}.Debug|Any CPU.ActiveCfg = Debug|Any CPU
		{95C36F9B-6820-4B64-B52F-D91E8422D1BF}.Debug|Any CPU.Build.0 = Debug|Any CPU
		{95C36F9B-6820-4B64-B52F-D91E8422D1BF}.Release|Any CPU.ActiveCfg = Release|Any CPU
		{95C36F9B-6820-4B64-B52F-D91E8422D1BF}.Release|Any CPU.Build.0 = Release|Any CPU
	EndGlobalSection
	GlobalSection(SolutionProperties) = preSolution
		HideSolutionNode = FALSE
	EndGlobalSection
	GlobalSection(ExtensibilityGlobals) = postSolution
		SolutionGuid = {3B02E209-11E6-43C4-85D1-128C546997D7}
	EndGlobalSection
EndGlobal
