
Microsoft Visual Studio Solution File, Format Version 12.00
# Visual Studio Version 16
VisualStudioVersion = 16.0.29424.173
MinimumVisualStudioVersion = 10.0.40219.1
Project("{FAE04EC0-301F-11D3-BF4B-00C04F79EFBC}") = "Project Codes", "Project Codes.csproj", "{CDB63607-348B-4326-8AD9-A40E3A5991E1}"
EndProject
Global
	GlobalSection(SolutionConfigurationPlatforms) = preSolution
		Debug|Any CPU = Debug|Any CPU
		Release|Any CPU = Release|Any CPU
	EndGlobalSection
	GlobalSection(ProjectConfigurationPlatforms) = postSolution
		{CDB63607-348B-4326-8AD9-A40E3A5991E1}.Debug|Any CPU.ActiveCfg = Debug|Any CPU
		{CDB63607-348B-4326-8AD9-A40E3A5991E1}.Debug|Any CPU.Build.0 = Debug|Any CPU
		{CDB63607-348B-4326-8AD9-A40E3A5991E1}.Release|Any CPU.ActiveCfg = Release|Any CPU
		{CDB63607-348B-4326-8AD9-A40E3A5991E1}.Release|Any CPU.Build.0 = Release|Any CPU
	EndGlobalSection
	GlobalSection(SolutionProperties) = preSolution
		HideSolutionNode = FALSE
	EndGlobalSection
	GlobalSection(ExtensibilityGlobals) = postSolution
		SolutionGuid = {E4DD93A5-F426-4929-8C8F-E62B4E90238B}
	EndGlobalSection
EndGlobal
