
Microsoft Visual Studio Solution File, Format Version 12.00
# Visual Studio Version 16
VisualStudioVersion = 16.0.29306.81
MinimumVisualStudioVersion = 10.0.40219.1
Project("{FAE04EC0-301F-11D3-BF4B-00C04F79EFBC}") = "Exercise114", "Exercise114.csproj", "{51C903FD-9860-45C9-9883-4500908F217D}"
EndProject
Global
	GlobalSection(SolutionConfigurationPlatforms) = preSolution
		Debug|Any CPU = Debug|Any CPU
		Release|Any CPU = Release|Any CPU
	EndGlobalSection
	GlobalSection(ProjectConfigurationPlatforms) = postSolution
		{51C903FD-9860-45C9-9883-4500908F217D}.Debug|Any CPU.ActiveCfg = Debug|Any CPU
		{51C903FD-9860-45C9-9883-4500908F217D}.Debug|Any CPU.Build.0 = Debug|Any CPU
		{51C903FD-9860-45C9-9883-4500908F217D}.Release|Any CPU.ActiveCfg = Release|Any CPU
		{51C903FD-9860-45C9-9883-4500908F217D}.Release|Any CPU.Build.0 = Release|Any CPU
	EndGlobalSection
	GlobalSection(SolutionProperties) = preSolution
		HideSolutionNode = FALSE
	EndGlobalSection
	GlobalSection(ExtensibilityGlobals) = postSolution
		SolutionGuid = {0109A469-9744-45E4-9AE5-08E12C02A55B}
	EndGlobalSection
EndGlobal
