
Microsoft Visual Studio Solution File, Format Version 12.00
# Visual Studio Version 16
VisualStudioVersion = 16.0.29306.81
MinimumVisualStudioVersion = 10.0.40219.1
Project("{FAE04EC0-301F-11D3-BF4B-00C04F79EFBC}") = "Lambda", "Lambda.csproj", "{D5B37FC9-C566-4F34-B054-2E27D1EFB637}"
EndProject
Global
	GlobalSection(SolutionConfigurationPlatforms) = preSolution
		Debug|Any CPU = Debug|Any CPU
		Release|Any CPU = Release|Any CPU
	EndGlobalSection
	GlobalSection(ProjectConfigurationPlatforms) = postSolution
		{D5B37FC9-C566-4F34-B054-2E27D1EFB637}.Debug|Any CPU.ActiveCfg = Debug|Any CPU
		{D5B37FC9-C566-4F34-B054-2E27D1EFB637}.Debug|Any CPU.Build.0 = Debug|Any CPU
		{D5B37FC9-C566-4F34-B054-2E27D1EFB637}.Release|Any CPU.ActiveCfg = Release|Any CPU
		{D5B37FC9-C566-4F34-B054-2E27D1EFB637}.Release|Any CPU.Build.0 = Release|Any CPU
	EndGlobalSection
	GlobalSection(SolutionProperties) = preSolution
		HideSolutionNode = FALSE
	EndGlobalSection
	GlobalSection(ExtensibilityGlobals) = postSolution
		SolutionGuid = {3A0D215A-A233-45E2-8F69-9C01FD2D5BDF}
	EndGlobalSection
EndGlobal
