
Microsoft Visual Studio Solution File, Format Version 12.00
# Visual Studio Version 16
VisualStudioVersion = 16.0.29306.81
MinimumVisualStudioVersion = 10.0.40219.1
Project("{FAE04EC0-301F-11D3-BF4B-00C04F79EFBC}") = "threeMethods", "threeMethods.csproj", "{76AF4D86-95BC-4CD4-A892-777DF9F5CAA7}"
EndProject
Global
	GlobalSection(SolutionConfigurationPlatforms) = preSolution
		Debug|Any CPU = Debug|Any CPU
		Release|Any CPU = Release|Any CPU
	EndGlobalSection
	GlobalSection(ProjectConfigurationPlatforms) = postSolution
		{76AF4D86-95BC-4CD4-A892-777DF9F5CAA7}.Debug|Any CPU.ActiveCfg = Debug|Any CPU
		{76AF4D86-95BC-4CD4-A892-777DF9F5CAA7}.Debug|Any CPU.Build.0 = Debug|Any CPU
		{76AF4D86-95BC-4CD4-A892-777DF9F5CAA7}.Release|Any CPU.ActiveCfg = Release|Any CPU
		{76AF4D86-95BC-4CD4-A892-777DF9F5CAA7}.Release|Any CPU.Build.0 = Release|Any CPU
	EndGlobalSection
	GlobalSection(SolutionProperties) = preSolution
		HideSolutionNode = FALSE
	EndGlobalSection
	GlobalSection(ExtensibilityGlobals) = postSolution
		SolutionGuid = {2D1F5AE6-4301-42E1-951B-CFFA0AC368EC}
	EndGlobalSection
EndGlobal
