
Microsoft Visual Studio Solution File, Format Version 12.00
# Visual Studio Version 16
VisualStudioVersion = 16.0.29306.81
MinimumVisualStudioVersion = 10.0.40219.1
Project("{FAE04EC0-301F-11D3-BF4B-00C04F79EFBC}") = "AbstractClass", "AbstractClass.csproj", "{A4DBD9AB-7AA7-4B3F-B843-1BA80AFA8A5A}"
EndProject
Global
	GlobalSection(SolutionConfigurationPlatforms) = preSolution
		Debug|Any CPU = Debug|Any CPU
		Release|Any CPU = Release|Any CPU
	EndGlobalSection
	GlobalSection(ProjectConfigurationPlatforms) = postSolution
		{A4DBD9AB-7AA7-4B3F-B843-1BA80AFA8A5A}.Debug|Any CPU.ActiveCfg = Debug|Any CPU
		{A4DBD9AB-7AA7-4B3F-B843-1BA80AFA8A5A}.Debug|Any CPU.Build.0 = Debug|Any CPU
		{A4DBD9AB-7AA7-4B3F-B843-1BA80AFA8A5A}.Release|Any CPU.ActiveCfg = Release|Any CPU
		{A4DBD9AB-7AA7-4B3F-B843-1BA80AFA8A5A}.Release|Any CPU.Build.0 = Release|Any CPU
	EndGlobalSection
	GlobalSection(SolutionProperties) = preSolution
		HideSolutionNode = FALSE
	EndGlobalSection
	GlobalSection(ExtensibilityGlobals) = postSolution
		SolutionGuid = {35CE1A2F-89BC-43A8-97DF-11ACCB7703D5}
	EndGlobalSection
EndGlobal
